# This file is automatically @generated by Cargo.
# It is not intended for manual editing.
[[package]]
name = "adequate"
version = "0.1.1"
dependencies = [
 "cargo-husky",
 "lazy_static",
 "strfmt",
]

[[package]]
name = "cargo-husky"
version = "1.5.0"
source = "registry+https://github.com/rust-lang/crates.io-index"
checksum = "7b02b629252fe8ef6460461409564e2c21d0c8e77e0944f3d189ff06c4e932ad"

[[package]]
name = "lazy_static"
version = "1.4.0"
source = "registry+https://github.com/rust-lang/crates.io-index"
checksum = "e2abad23fbc42b3700f2f279844dc832adb2b2eb069b2df918f455c4e18cc646"

[[package]]
name = "strfmt"
version = "0.1.6"
source = "registry+https://github.com/rust-lang/crates.io-index"
checksum = "b278b244ef7aa5852b277f52dd0c6cac3a109919e1f6d699adde63251227a30f"
